
Microsoft Visual Studio Solution File, Format Version 12.00
# Visual Studio Version 16
VisualStudioVersion = 16.0.30717.126
MinimumVisualStudioVersion = 10.0.40219.1
Project("{F184B08F-C81C-45F6-A57F-5ABD9991F28F}") = "SimpleCSV", "SimpleCSV\SimpleCSV.vbproj", "{50907795-9AF7-47CA-BAD0-9E5889CDD027}"
EndProject
Global
	GlobalSection(SolutionConfigurationPlatforms) = preSolution
		Debug|Any CPU = Debug|Any CPU
		Release|Any CPU = Release|Any CPU
	EndGlobalSection
	GlobalSection(ProjectConfigurationPlatforms) = postSolution
		{50907795-9AF7-47CA-BAD0-9E5889CDD027}.Debug|Any CPU.ActiveCfg = Debug|Any CPU
		{50907795-9AF7-47CA-BAD0-9E5889CDD027}.Debug|Any CPU.Build.0 = Debug|Any CPU
		{50907795-9AF7-47CA-BAD0-9E5889CDD027}.Release|Any CPU.ActiveCfg = Release|Any CPU
		{50907795-9AF7-47CA-BAD0-9E5889CDD027}.Release|Any CPU.Build.0 = Release|Any CPU
	EndGlobalSection
	GlobalSection(SolutionProperties) = preSolution
		HideSolutionNode = FALSE
	EndGlobalSection
	GlobalSection(ExtensibilityGlobals) = postSolution
		SolutionGuid = {880C0E63-D828-4C83-B65C-A2AA77861B2A}
	EndGlobalSection
EndGlobal
